
Microsoft Visual Studio Solution File, Format Version 12.00
# Visual Studio Version 16
VisualStudioVersion = 16.0.29209.62
MinimumVisualStudioVersion = 10.0.40219.1
Project("{FAE04EC0-301F-11D3-BF4B-00C04F79EFBC}") = "Homework", "Homework.csproj", "{92017387-B5B0-4FC8-8C69-814F7BE587A7}"
EndProject
Project("{FAE04EC0-301F-11D3-BF4B-00C04F79EFBC}") = "Homework2", "Homework2\Homework2.csproj", "{E4DA8145-1C50-4CB3-9448-3B65EB4820B7}"
EndProject
Global
	GlobalSection(SolutionConfigurationPlatforms) = preSolution
		Debug|Any CPU = Debug|Any CPU
		Release|Any CPU = Release|Any CPU
	EndGlobalSection
	GlobalSection(ProjectConfigurationPlatforms) = postSolution
		{92017387-B5B0-4FC8-8C69-814F7BE587A7}.Debug|Any CPU.ActiveCfg = Debug|Any CPU
		{92017387-B5B0-4FC8-8C69-814F7BE587A7}.Debug|Any CPU.Build.0 = Debug|Any CPU
		{92017387-B5B0-4FC8-8C69-814F7BE587A7}.Release|Any CPU.ActiveCfg = Release|Any CPU
		{92017387-B5B0-4FC8-8C69-814F7BE587A7}.Release|Any CPU.Build.0 = Release|Any CPU
		{E4DA8145-1C50-4CB3-9448-3B65EB4820B7}.Debug|Any CPU.ActiveCfg = Debug|Any CPU
		{E4DA8145-1C50-4CB3-9448-3B65EB4820B7}.Debug|Any CPU.Build.0 = Debug|Any CPU
		{E4DA8145-1C50-4CB3-9448-3B65EB4820B7}.Release|Any CPU.ActiveCfg = Release|Any CPU
		{E4DA8145-1C50-4CB3-9448-3B65EB4820B7}.Release|Any CPU.Build.0 = Release|Any CPU
	EndGlobalSection
	GlobalSection(SolutionProperties) = preSolution
		HideSolutionNode = FALSE
	EndGlobalSection
	GlobalSection(ExtensibilityGlobals) = postSolution
		SolutionGuid = {6785C92C-2EF7-4394-A708-54290B37B27F}
	EndGlobalSection
EndGlobal
